// !$*UTF8*$!
{
	archiveVersion = 1;
	classes = {
	};
	objectVersion = 48;
	objects = {

/* Begin PBXBuildFile section */
		2F2D56D020824FE20046EB36 /* AppDelegate.m in Sources */ = {isa = PBXBuildFile; fileRef = 2F2D56CF20824FE20046EB36 /* AppDelegate.m */; };
		2F2D56D320824FE20046EB36 /* ViewController.m in Sources */ = {isa = PBXBuildFile; fileRef = 2F2D56D220824FE20046EB36 /* ViewController.m */; };
		2F2D56D620824FE20046EB36 /* Main.storyboard in Resources */ = {isa = PBXBuildFile; fileRef = 2F2D56D420824FE20046EB36 /* Main.storyboard */; };
		2F2D56D820824FE20046EB36 /* Assets.xcassets in Resources */ = {isa = PBXBuildFile; fileRef = 2F2D56D720824FE20046EB36 /* Assets.xcassets */; };
		2F2D56DB20824FE20046EB36 /* LaunchScreen.storyboard in Resources */ = {isa = PBXBuildFile; fileRef = 2F2D56D920824FE20046EB36 /* LaunchScreen.storyboard */; };
		2F2D56DE20824FE20046EB36 /* main.m in Sources */ = {isa = PBXBuildFile; fileRef = 2F2D56DD20824FE20046EB36 /* main.m */; };
		2F2D56E820824FE20046EB36 /* domeprogectTests.m in Sources */ = {isa = PBXBuildFile; fileRef = 2F2D56E720824FE20046EB36 /* domeprogectTests.m */; };
		2F2D56F320824FE20046EB36 /* domeprogectUITests.m in Sources */ = {isa = PBXBuildFile; fileRef = 2F2D56F220824FE20046EB36 /* domeprogectUITests.m */; };
/* End PBXBuildFile section */

/* Begin PBXContainerItemProxy section */
		2F2D56E420824FE20046EB36 /* PBXContainerItemProxy */ = {
			isa = PBXContainerItemProxy;
			containerPortal = 2F2D56C320824FE20046EB36 /* Project object */;
			proxyType = 1;
			remoteGlobalIDString = 2F2D56CA20824FE20046EB36;
			remoteInfo = domeprogect;
		};
		2F2D56EF20824FE20046EB36 /* PBXContainerItemProxy */ = {
			isa = PBXContainerItemProxy;
			containerPortal = 2F2D56C320824FE20046EB36 /* Project object */;
			proxyType = 1;
			remoteGlobalIDString = 2F2D56CA20824FE20046EB36;
			remoteInfo = domeprogect;
		};
/* End PBXContainerItemProxy section */

/* Begin PBXFileReference section */
		2F2D56CB20824FE20046EB36 /* domeprogect.app */ = {isa = PBXFileReference; explicitFileType = wrapper.application; includeInIndex = 0; path = domeprogect.app; sourceTree = BUILT_PRODUCTS_DIR; };
		2F2D56CE20824FE20046EB36 /* AppDelegate.h */ = {isa = PBXFileReference; lastKnownFileType = sourcecode.c.h; path = AppDelegate.h; sourceTree = "<group>"; };
		2F2D56CF20824FE20046EB36 /* AppDelegate.m */ = {isa = PBXFileReference; lastKnownFileType = sourcecode.c.objc; path = AppDelegate.m; sourceTree = "<group>"; };
		2F2D56D120824FE20046EB36 /* ViewController.h */ = {isa = PBXFileReference; lastKnownFileType = sourcecode.c.h; path = ViewController.h; sourceTree = "<group>"; };
		2F2D56D220824FE20046EB36 /* ViewController.m */ = {isa = PBXFileReference; lastKnownFileType = sourcecode.c.objc; path = ViewController.m; sourceTree = "<group>"; };
		2F2D56D520824FE20046EB36 /* Base */ = {isa = PBXFileReference; lastKnownFileType = file.storyboard; name = Base; path = Base.lproj/Main.storyboard; sourceTree = "<group>"; };
		2F2D56D720824FE20046EB36 /* Assets.xcassets */ = {isa = PBXFileReference; lastKnownFileType = folder.assetcatalog; path = Assets.xcassets; sourceTree = "<group>"; };
		2F2D56DA20824FE20046EB36 /* Base */ = {isa = PBXFileReference; lastKnownFileType = file.storyboard; name = Base; path = Base.lproj/LaunchScreen.storyboard; sourceTree = "<group>"; };
		2F2D56DC20824FE20046EB36 /* Info.plist */ = {isa = PBXFileReference; lastKnownFileType = text.plist.xml; path = Info.plist; sourceTree = "<group>"; };
		2F2D56DD20824FE20046EB36 /* main.m */ = {isa = PBXFileReference; lastKnownFileType = sourcecode.c.objc; path = main.m; sourceTree = "<group>"; };
		2F2D56E320824FE20046EB36 /* domeprogectTests.xctest */ = {isa = PBXFileReference; explicitFileType = wrapper.cfbundle; includeInIndex = 0; path = domeprogectTests.xctest; sourceTree = BUILT_PRODUCTS_DIR; };
		2F2D56E720824FE20046EB36 /* domeprogectTests.m */ = {isa = PBXFileReference; lastKnownFileType = sourcecode.c.objc; path = domeprogectTests.m; sourceTree = "<group>"; };
		2F2D56E920824FE20046EB36 /* Info.plist */ = {isa = PBXFileReference; lastKnownFileType = text.plist.xml; path = Info.plist; sourceTree = "<group>"; };
		2F2D56EE20824FE20046EB36 /* domeprogectUITests.xctest */ = {isa = PBXFileReference; explicitFileType = wrapper.cfbundle; includeInIndex = 0; path = domeprogectUITests.xctest; sourceTree = BUILT_PRODUCTS_DIR; };
		2F2D56F220824FE20046EB36 /* domeprogectUITests.m */ = {isa = PBXFileReference; lastKnownFileType = sourcecode.c.objc; path = domeprogectUITests.m; sourceTree = "<group>"; };
		2F2D56F420824FE20046EB36 /* Info.plist */ = {isa = PBXFileReference; lastKnownFileType = text.plist.xml; path = Info.plist; sourceTree = "<group>"; };
/* End PBXFileReference section */

/* Begin PBXFrameworksBuildPhase section */
		2F2D56C820824FE20046EB36 /* Frameworks */ = {
			isa = PBXFrameworksBuildPhase;
			buildActionMask = 2147483647;
			files = (
			);
			runOnlyForDeploymentPostprocessing = 0;
		};
		2F2D56E020824FE20046EB36 /* Frameworks */ = {
			isa = PBXFrameworksBuildPhase;
			buildActionMask = 2147483647;
			files = (
			);
			runOnlyForDeploymentPostprocessing = 0;
		};
		2F2D56EB20824FE20046EB36 /* Frameworks */ = {
			isa = PBXFrameworksBuildPhase;
			buildActionMask = 2147483647;
			files = (
			);
			runOnlyForDeploymentPostprocessing = 0;
		};
/* End PBXFrameworksBuildPhase section */

/* Begin PBXGroup section */
		2F2D56C220824FE20046EB36 = {
			isa = PBXGroup;
			children = (
				2F2D56CD20824FE20046EB36 /* domeprogect */,
				2F2D56E620824FE20046EB36 /* domeprogectTests */,
				2F2D56F120824FE20046EB36 /* domeprogectUITests */,
				2F2D56CC20824FE20046EB36 /* Products */,
			);
			sourceTree = "<group>";
		};
		2F2D56CC20824FE20046EB36 /* Products */ = {
			isa = PBXGroup;
			children = (
				2F2D56CB20824FE20046EB36 /* domeprogect.app */,
				2F2D56E320824FE20046EB36 /* domeprogectTests.xctest */,
				2F2D56EE20824FE20046EB36 /* domeprogectUITests.xctest */,
			);
			name = Products;
			sourceTree = "<group>";
		};
		2F2D56CD20824FE20046EB36 /* domeprogect */ = {
			isa = PBXGroup;
			children = (
				2F2D56CE20824FE20046EB36 /* AppDelegate.h */,
				2F2D56CF20824FE20046EB36 /* AppDelegate.m */,
				2F2D56D120824FE20046EB36 /* ViewController.h */,
				2F2D56D220824FE20046EB36 /* ViewController.m */,
				2F2D56D420824FE20046EB36 /* Main.storyboard */,
				2F2D56D720824FE20046EB36 /* Assets.xcassets */,
				2F2D56D920824FE20046EB36 /* LaunchScreen.storyboard */,
				2F2D56DC20824FE20046EB36 /* Info.plist */,
				2F2D56DD20824FE20046EB36 /* main.m */,
			);
			path = domeprogect;
			sourceTree = "<group>";
		};
		2F2D56E620824FE20046EB36 /* domeprogectTests */ = {
			isa = PBXGroup;
			children = (
				2F2D56E720824FE20046EB36 /* domeprogectTests.m */,
				2F2D56E920824FE20046EB36 /* Info.plist */,
			);
			path = domeprogectTests;
			sourceTree = "<group>";
		};
		2F2D56F120824FE20046EB36 /* domeprogectUITests */ = {
			isa = PBXGroup;
			children = (
				2F2D56F220824FE20046EB36 /* domeprogectUITests.m */,
				2F2D56F420824FE20046EB36 /* Info.plist */,
			);
			path = domeprogectUITests;
			sourceTree = "<group>";
		};
/* End PBXGroup section */

/* Begin PBXNativeTarget section */
		2F2D56CA20824FE20046EB36 /* domeprogect */ = {
			isa = PBXNativeTarget;
			buildConfigurationList = 2F2D56F720824FE20046EB36 /* Build configuration list for PBXNativeTarget "domeprogect" */;
			buildPhases = (
				2F2D56C720824FE20046EB36 /* Sources */,
				2F2D56C820824FE20046EB36 /* Frameworks */,
				2F2D56C920824FE20046EB36 /* Resources */,
			);
			buildRules = (
			);
			dependencies = (
			);
			name = domeprogect;
			productName = domeprogect;
			productReference = 2F2D56CB20824FE20046EB36 /* domeprogect.app */;
			productType = "com.apple.product-type.application";
		};
		2F2D56E220824FE20046EB36 /* domeprogectTests */ = {
			isa = PBXNativeTarget;
			buildConfigurationList = 2F2D56FA20824FE20046EB36 /* Build configuration list for PBXNativeTarget "domeprogectTests" */;
			buildPhases = (
				2F2D56DF20824FE20046EB36 /* Sources */,
				2F2D56E020824FE20046EB36 /* Frameworks */,
				2F2D56E120824FE20046EB36 /* Resources */,
			);
			buildRules = (
			);
			dependencies = (
				2F2D56E520824FE20046EB36 /* PBXTargetDependency */,
			);
			name = domeprogectTests;
			productName = domeprogectTests;
			productReference = 2F2D56E320824FE20046EB36 /* domeprogectTests.xctest */;
			productType = "com.apple.product-type.bundle.unit-test";
		};
		2F2D56ED20824FE20046EB36 /* domeprogectUITests */ = {
			isa = PBXNativeTarget;
			buildConfigurationList = 2F2D56FD20824FE20046EB36 /* Build configuration list for PBXNativeTarget "domeprogectUITests" */;
			buildPhases = (
				2F2D56EA20824FE20046EB36 /* Sources */,
				2F2D56EB20824FE20046EB36 /* Frameworks */,
				2F2D56EC20824FE20046EB36 /* Resources */,
			);
			buildRules = (
			);
			dependencies = (
				2F2D56F020824FE20046EB36 /* PBXTargetDependency */,
			);
			name = domeprogectUITests;
			productName = domeprogectUITests;
			productReference = 2F2D56EE20824FE20046EB36 /* domeprogectUITests.xctest */;
			productType = "com.apple.product-type.bundle.ui-testing";
		};
/* End PBXNativeTarget section */

/* Begin PBXProject section */
		2F2D56C320824FE20046EB36 /* Project object */ = {
			isa = PBXProject;
			attributes = {
				LastUpgradeCheck = 0920;
				ORGANIZATIONNAME = "张洁";
				TargetAttributes = {
					2F2D56CA20824FE20046EB36 = {
						CreatedOnToolsVersion = 9.2;
						ProvisioningStyle = Automatic;
					};
					2F2D56E220824FE20046EB36 = {
						CreatedOnToolsVersion = 9.2;
						ProvisioningStyle = Automatic;
						TestTargetID = 2F2D56CA20824FE20046EB36;
					};
					2F2D56ED20824FE20046EB36 = {
						CreatedOnToolsVersion = 9.2;
						ProvisioningStyle = Automatic;
						TestTargetID = 2F2D56CA20824FE20046EB36;
					};
				};
			};
			buildConfigurationList = 2F2D56C620824FE20046EB36 /* Build configuration list for PBXProject "domeprogect" */;
			compatibilityVersion = "Xcode 8.0";
			developmentRegion = en;
			hasScannedForEncodings = 0;
			knownRegions = (
				en,
				Base,
			);
			mainGroup = 2F2D56C220824FE20046EB36;
			productRefGroup = 2F2D56CC20824FE20046EB36 /* Products */;
			projectDirPath = "";
			projectRoot = "";
			targets = (
				2F2D56CA20824FE20046EB36 /* domeprogect */,
				2F2D56E220824FE20046EB36 /* domeprogectTests */,
				2F2D56ED20824FE20046EB36 /* domeprogectUITests */,
			);
		};
/* End PBXProject section */

/* Begin PBXResourcesBuildPhase section */
		2F2D56C920824FE20046EB36 /* Resources */ = {
			isa = PBXResourcesBuildPhase;
			buildActionMask = 2147483647;
			files = (
				2F2D56DB20824FE20046EB36 /* LaunchScreen.storyboard in Resources */,
				2F2D56D820824FE20046EB36 /* Assets.xcassets in Resources */,
				2F2D56D620824FE20046EB36 /* Main.storyboard in Resources */,
			);
			runOnlyForDeploymentPostprocessing = 0;
		};
		2F2D56E120824FE20046EB36 /* Resources */ = {
			isa = PBXResourcesBuildPhase;
			buildActionMask = 2147483647;
			files = (
			);
			runOnlyForDeploymentPostprocessing = 0;
		};
		2F2D56EC20824FE20046EB36 /* Resources */ = {
			isa = PBXResourcesBuildPhase;
			buildActionMask = 2147483647;
			files = (
			);
			runOnlyForDeploymentPostprocessing = 0;
		};
/* End PBXResourcesBuildPhase section */

/* Begin PBXSourcesBuildPhase section */
		2F2D56C720824FE20046EB36 /* Sources */ = {
			isa = PBXSourcesBuildPhase;
			buildActionMask = 2147483647;
			files = (
				2F2D56D320824FE20046EB36 /* ViewController.m in Sources */,
				2F2D56DE20824FE20046EB36 /* main.m in Sources */,
				2F2D56D020824FE20046EB36 /* AppDelegate.m in Sources */,
			);
			runOnlyForDeploymentPostprocessing = 0;
		};
		2F2D56DF20824FE20046EB36 /* Sources */ = {
			isa = PBXSourcesBuildPhase;
			buildActionMask = 2147483647;
			files = (
				2F2D56E820824FE20046EB36 /* domeprogectTests.m in Sources */,
			);
			runOnlyForDeploymentPostprocessing = 0;
		};
		2F2D56EA20824FE20046EB36 /* Sources */ = {
			isa = PBXSourcesBuildPhase;
			buildActionMask = 2147483647;
			files = (
				2F2D56F320824FE20046EB36 /* domeprogectUITests.m in Sources */,
			);
			runOnlyForDeploymentPostprocessing = 0;
		};
/* End PBXSourcesBuildPhase section */

/* Begin PBXTargetDependency section */
		2F2D56E520824FE20046EB36 /* PBXTargetDependency */ = {
			isa = PBXTargetDependency;
			target = 2F2D56CA20824FE20046EB36 /* domeprogect */;
			targetProxy = 2F2D56E420824FE20046EB36 /* PBXContainerItemProxy */;
		};
		2F2D56F020824FE20046EB36 /* PBXTargetDependency */ = {
			isa = PBXTargetDependency;
			target = 2F2D56CA20824FE20046EB36 /* domeprogect */;
			targetProxy = 2F2D56EF20824FE20046EB36 /* PBXContainerItemProxy */;
		};
/* End PBXTargetDependency section */

/* Begin PBXVariantGroup section */
		2F2D56D420824FE20046EB36 /* Main.storyboard */ = {
			isa = PBXVariantGroup;
			children = (
				2F2D56D520824FE20046EB36 /* Base */,
			);
			name = Main.storyboard;
			sourceTree = "<group>";
		};
		2F2D56D920824FE20046EB36 /* LaunchScreen.storyboard */ = {
			isa = PBXVariantGroup;
			children = (
				2F2D56DA20824FE20046EB36 /* Base */,
			);
			name = LaunchScreen.storyboard;
			sourceTree = "<group>";
		};
/* End PBXVariantGroup section */

/* Begin XCBuildConfiguration section */
		2F2D56F520824FE20046EB36 /* Debug */ = {
			isa = XCBuildConfiguration;
			buildSettings = {
				ALWAYS_SEARCH_USER_PATHS = NO;
				CLANG_ANALYZER_NONNULL = YES;
				CLANG_ANALYZER_NUMBER_OBJECT_CONVERSION = YES_AGGRESSIVE;
				CLANG_CXX_LANGUAGE_STANDARD = "gnu++14";
				CLANG_CXX_LIBRARY = "libc++";
				CLANG_ENABLE_MODULES = YES;
				CLANG_ENABLE_OBJC_ARC = YES;
				CLANG_WARN_BLOCK_CAPTURE_AUTORELEASING = YES;
				CLANG_WARN_BOOL_CONVERSION = YES;
				CLANG_WARN_COMMA = YES;
				CLANG_WARN_CONSTANT_CONVERSION = YES;
				CLANG_WARN_DIRECT_OBJC_ISA_USAGE = YES_ERROR;
				CLANG_WARN_DOCUMENTATION_COMMENTS = YES;
				CLANG_WARN_EMPTY_BODY = YES;
				CLANG_WARN_ENUM_CONVERSION = YES;
				CLANG_WARN_INFINITE_RECURSION = YES;
				CLANG_WARN_INT_CONVERSION = YES;
				CLANG_WARN_NON_LITERAL_NULL_CONVERSION = YES;
				CLANG_WARN_OBJC_LITERAL_CONVERSION = YES;
				CLANG_WARN_OBJC_ROOT_CLASS = YES_ERROR;
				CLANG_WARN_RANGE_LOOP_ANALYSIS = YES;
				CLANG_WARN_STRICT_PROTOTYPES = YES;
				CLANG_WARN_SUSPICIOUS_MOVE = YES;
				CLANG_WARN_UNGUARDED_AVAILABILITY = YES_AGGRESSIVE;
				CLANG_WARN_UNREACHABLE_CODE = YES;
				CLANG_WARN__DUPLICATE_METHOD_MATCH = YES;
				CODE_SIGN_IDENTITY = "iPhone Developer";
				COPY_PHASE_STRIP = NO;
				DEBUG_INFORMATION_FORMAT = dwarf;
				ENABLE_STRICT_OBJC_MSGSEND = YES;
				ENABLE_TESTABILITY = YES;
				GCC_C_LANGUAGE_STANDARD = gnu11;
				GCC_DYNAMIC_NO_PIC = NO;
				GCC_NO_COMMON_BLOCKS = YES;
				GCC_OPTIMIZATION_LEVEL = 0;
				GCC_PREPROCESSOR_DEFINITIONS = (
					"DEBUG=1",
					"$(inherited)",
				);
				GCC_WARN_64_TO_32_BIT_CONVERSION = YES;
				GCC_WARN_ABOUT_RETURN_TYPE = YES_ERROR;
				GCC_WARN_UNDECLARED_SELECTOR = YES;
				GCC_WARN_UNINITIALIZED_AUTOS = YES_AGGRESSIVE;
				GCC_WARN_UNUSED_FUNCTION = YES;
				GCC_WARN_UNUSED_VARIABLE = YES;
				IPHONEOS_DEPLOYMENT_TARGET = 11.2;
				MTL_ENABLE_DEBUG_INFO = YES;
				ONLY_ACTIVE_ARCH = YES;
				SDKROOT = iphoneos;
			};
			name = Debug;
		};
		2F2D56F620824FE20046EB36 /* Release */ = {
			isa = XCBuildConfiguration;
			buildSettings = {
				ALWAYS_SEARCH_USER_PATHS = NO;
				CLANG_ANALYZER_NONNULL = YES;
				CLANG_ANALYZER_NUMBER_OBJECT_CONVERSION = YES_AGGRESSIVE;
				CLANG_CXX_LANGUAGE_STANDARD = "gnu++14";
				CLANG_CXX_LIBRARY = "libc++";
				CLANG_ENABLE_MODULES = YES;
				CLANG_ENABLE_OBJC_ARC = YES;
				CLANG_WARN_BLOCK_CAPTURE_AUTORELEASING = YES;
				CLANG_WARN_BOOL_CONVERSION = YES;
				CLANG_WARN_COMMA = YES;
				CLANG_WARN_CONSTANT_CONVERSION = YES;
				CLANG_WARN_DIRECT_OBJC_ISA_USAGE = YES_ERROR;
				CLANG_WARN_DOCUMENTATION_COMMENTS = YES;
				CLANG_WARN_EMPTY_BODY = YES;
				CLANG_WARN_ENUM_CONVERSION = YES;
				CLANG_WARN_INFINITE_RECURSION = YES;
				CLANG_WARN_INT_CONVERSION = YES;
				CLANG_WARN_NON_LITERAL_NULL_CONVERSION = YES;
				CLANG_WARN_OBJC_LITERAL_CONVERSION = YES;
				CLANG_WARN_OBJC_ROOT_CLASS = YES_ERROR;
				CLANG_WARN_RANGE_LOOP_ANALYSIS = YES;
				CLANG_WARN_STRICT_PROTOTYPES = YES;
				CLANG_WARN_SUSPICIOUS_MOVE = YES;
				CLANG_WARN_UNGUARDED_AVAILABILITY = YES_AGGRESSIVE;
				CLANG_WARN_UNREACHABLE_CODE = YES;
				CLANG_WARN__DUPLICATE_METHOD_MATCH = YES;
				CODE_SIGN_IDENTITY = "iPhone Developer";
				COPY_PHASE_STRIP = NO;
				DEBUG_INFORMATION_FORMAT = "dwarf-with-dsym";
				ENABLE_NS_ASSERTIONS = NO;
				ENABLE_STRICT_OBJC_MSGSEND = YES;
				GCC_C_LANGUAGE_STANDARD = gnu11;
				GCC_NO_COMMON_BLOCKS = YES;
				GCC_WARN_64_TO_32_BIT_CONVERSION = YES;
				GCC_WARN_ABOUT_RETURN_TYPE = YES_ERROR;
				GCC_WARN_UNDECLARED_SELECTOR = YES;
				GCC_WARN_UNINITIALIZED_AUTOS = YES_AGGRESSIVE;
				GCC_WARN_UNUSED_FUNCTION = YES;
				GCC_WARN_UNUSED_VARIABLE = YES;
				IPHONEOS_DEPLOYMENT_TARGET = 11.2;
				MTL_ENABLE_DEBUG_INFO = NO;
				SDKROOT = iphoneos;
				VALIDATE_PRODUCT = YES;
			};
			name = Release;
		};
		2F2D56F820824FE20046EB36 /* Debug */ = {
			isa = XCBuildConfiguration;
			buildSettings = {
				ASSETCATALOG_COMPILER_APPICON_NAME = AppIcon;
				CODE_SIGN_STYLE = Automatic;
				INFOPLIST_FILE = domeprogect/Info.plist;
				LD_RUNPATH_SEARCH_PATHS = "$(inherited) @executable_path/Frameworks";
				PRODUCT_BUNDLE_IDENTIFIER = domecheng.domeprogect;
				PRODUCT_NAME = "$(TARGET_NAME)";
				TARGETED_DEVICE_FAMILY = "1,2";
			};
			name = Debug;
		};
		2F2D56F920824FE20046EB36 /* Release */ = {
			isa = XCBuildConfiguration;
			buildSettings = {
				ASSETCATALOG_COMPILER_APPICON_NAME = AppIcon;
				CODE_SIGN_STYLE = Automatic;
				INFOPLIST_FILE = domeprogect/Info.plist;
				LD_RUNPATH_SEARCH_PATHS = "$(inherited) @executable_path/Frameworks";
				PRODUCT_BUNDLE_IDENTIFIER = domecheng.domeprogect;
				PRODUCT_NAME = "$(TARGET_NAME)";
				TARGETED_DEVICE_FAMILY = "1,2";
			};
			name = Release;
		};
		2F2D56FB20824FE20046EB36 /* Debug */ = {
			isa = XCBuildConfiguration;
			buildSettings = {
				BUNDLE_LOADER = "$(TEST_HOST)";
				CODE_SIGN_STYLE = Automatic;
				INFOPLIST_FILE = domeprogectTests/Info.plist;
				LD_RUNPATH_SEARCH_PATHS = "$(inherited) @executable_path/Frameworks @loader_path/Frameworks";
				PRODUCT_BUNDLE_IDENTIFIER = domecheng.domeprogectTests;
				PRODUCT_NAME = "$(TARGET_NAME)";
				TARGETED_DEVICE_FAMILY = "1,2";
				TEST_HOST = "$(BUILT_PRODUCTS_DIR)/domeprogect.app/domeprogect";
			};
			name = Debug;
		};
		2F2D56FC20824FE20046EB36 /* Release */ = {
			isa = XCBuildConfiguration;
			buildSettings = {
				BUNDLE_LOADER = "$(TEST_HOST)";
				CODE_SIGN_STYLE = Automatic;
				INFOPLIST_FILE = domeprogectTests/Info.plist;
				LD_RUNPATH_SEARCH_PATHS = "$(inherited) @executable_path/Frameworks @loader_path/Frameworks";
				PRODUCT_BUNDLE_IDENTIFIER = domecheng.domeprogectTests;
				PRODUCT_NAME = "$(TARGET_NAME)";
				TARGETED_DEVICE_FAMILY = "1,2";
				TEST_HOST = "$(BUILT_PRODUCTS_DIR)/domeprogect.app/domeprogect";
			};
			name = Release;
		};
		2F2D56FE20824FE20046EB36 /* Debug */ = {
			isa = XCBuildConfiguration;
			buildSettings = {
				CODE_SIGN_STYLE = Automatic;
				INFOPLIST_FILE = domeprogectUITests/Info.plist;
				LD_RUNPATH_SEARCH_PATHS = "$(inherited) @executable_path/Frameworks @loader_path/Frameworks";
				PRODUCT_BUNDLE_IDENTIFIER = domecheng.domeprogectUITests;
				PRODUCT_NAME = "$(TARGET_NAME)";
				TARGETED_DEVICE_FAMILY = "1,2";
				TEST_TARGET_NAME = domeprogect;
			};
			name = Debug;
		};
		2F2D56FF20824FE20046EB36 /* Release */ = {
			isa = XCBuildConfiguration;
			buildSettings = {
				CODE_SIGN_STYLE = Automatic;
				INFOPLIST_FILE = domeprogectUITests/Info.plist;
				LD_RUNPATH_SEARCH_PATHS = "$(inherited) @executable_path/Frameworks @loader_path/Frameworks";
				PRODUCT_BUNDLE_IDENTIFIER = domecheng.domeprogectUITests;
				PRODUCT_NAME = "$(TARGET_NAME)";
				TARGETED_DEVICE_FAMILY = "1,2";
				TEST_TARGET_NAME = domeprogect;
			};
			name = Release;
		};
/* End XCBuildConfiguration section */

/* Begin XCConfigurationList section */
		2F2D56C620824FE20046EB36 /* Build configuration list for PBXProject "domeprogect" */ = {
			isa = XCConfigurationList;
			buildConfigurations = (
				2F2D56F520824FE20046EB36 /* Debug */,
				2F2D56F620824FE20046EB36 /* Release */,
			);
			defaultConfigurationIsVisible = 0;
			defaultConfigurationName = Release;
		};
		2F2D56F720824FE20046EB36 /* Build configuration list for PBXNativeTarget "domeprogect" */ = {
			isa = XCConfigurationList;
			buildConfigurations = (
				2F2D56F820824FE20046EB36 /* Debug */,
				2F2D56F920824FE20046EB36 /* Release */,
			);
			defaultConfigurationIsVisible = 0;
			defaultConfigurationName = Release;
		};
		2F2D56FA20824FE20046EB36 /* Build configuration list for PBXNativeTarget "domeprogectTests" */ = {
			isa = XCConfigurationList;
			buildConfigurations = (
				2F2D56FB20824FE20046EB36 /* Debug */,
				2F2D56FC20824FE20046EB36 /* Release */,
			);
			defaultConfigurationIsVisible = 0;
			defaultConfigurationName = Release;
		};
		2F2D56FD20824FE20046EB36 /* Build configuration list for PBXNativeTarget "domeprogectUITests" */ = {
			isa = XCConfigurationList;
			buildConfigurations = (
				2F2D56FE20824FE20046EB36 /* Debug */,
				2F2D56FF20824FE20046EB36 /* Release */,
			);
			defaultConfigurationIsVisible = 0;
			defaultConfigurationName = Release;
		};
/* End XCConfigurationList section */
	};
	rootObject = 2F2D56C320824FE20046EB36 /* Project object */;
}
